
Microsoft Visual Studio Solution File, Format Version 12.00
# Visual Studio 15
VisualStudioVersion = 15.0.26124.0
MinimumVisualStudioVersion = 15.0.26124.0
Project("{9A19103F-16F7-4668-BE54-9A1E7A4F7556}") = "StructuredFileDiff.Lib.Xml", "Lib.Xml\StructuredFileDiff.Lib.Xml.csproj", "{FB63D432-EE85-47DE-B2BC-E22E90933CE7}"
EndProject
Project("{9A19103F-16F7-4668-BE54-9A1E7A4F7556}") = "StructuredFileDiff.Cmd", "Cmd\StructuredFileDiff.Cmd.csproj", "{B7E440B6-E960-4472-AFA3-5DA547855317}"
EndProject
Project("{9A19103F-16F7-4668-BE54-9A1E7A4F7556}") = "StructuredFileDiff.Lib", "Lib\StructuredFileDiff.Lib.csproj", "{C86D9A33-216C-4634-83E3-0968CF9A8859}"
EndProject
Project("{9A19103F-16F7-4668-BE54-9A1E7A4F7556}") = "StructuredFileDiff.Lcs", "Lcs\StructuredFileDiff.Lcs.csproj", "{CC0B1F93-3396-4374-83E1-EDD0E8321055}"
EndProject
Project("{FAE04EC0-301F-11D3-BF4B-00C04F79EFBC}") = "StructuredFileDiff.Gui", "Gui\StructuredFileDiff.Gui.csproj", "{21318525-1833-41BC-994C-A820E5E05B04}"
EndProject
Global
	GlobalSection(SolutionConfigurationPlatforms) = preSolution
		Debug|Any CPU = Debug|Any CPU
		Debug|x64 = Debug|x64
		Debug|x86 = Debug|x86
		Release|Any CPU = Release|Any CPU
		Release|x64 = Release|x64
		Release|x86 = Release|x86
	EndGlobalSection
	GlobalSection(ProjectConfigurationPlatforms) = postSolution
		{FB63D432-EE85-47DE-B2BC-E22E90933CE7}.Debug|Any CPU.ActiveCfg = Debug|Any CPU
		{FB63D432-EE85-47DE-B2BC-E22E90933CE7}.Debug|Any CPU.Build.0 = Debug|Any CPU
		{FB63D432-EE85-47DE-B2BC-E22E90933CE7}.Debug|x64.ActiveCfg = Debug|Any CPU
		{FB63D432-EE85-47DE-B2BC-E22E90933CE7}.Debug|x64.Build.0 = Debug|Any CPU
		{FB63D432-EE85-47DE-B2BC-E22E90933CE7}.Debug|x86.ActiveCfg = Debug|Any CPU
		{FB63D432-EE85-47DE-B2BC-E22E90933CE7}.Debug|x86.Build.0 = Debug|Any CPU
		{FB63D432-EE85-47DE-B2BC-E22E90933CE7}.Release|Any CPU.ActiveCfg = Release|Any CPU
		{FB63D432-EE85-47DE-B2BC-E22E90933CE7}.Release|Any CPU.Build.0 = Release|Any CPU
		{FB63D432-EE85-47DE-B2BC-E22E90933CE7}.Release|x64.ActiveCfg = Release|Any CPU
		{FB63D432-EE85-47DE-B2BC-E22E90933CE7}.Release|x64.Build.0 = Release|Any CPU
		{FB63D432-EE85-47DE-B2BC-E22E90933CE7}.Release|x86.ActiveCfg = Release|Any CPU
		{FB63D432-EE85-47DE-B2BC-E22E90933CE7}.Release|x86.Build.0 = Release|Any CPU
		{B7E440B6-E960-4472-AFA3-5DA547855317}.Debug|Any CPU.ActiveCfg = Debug|Any CPU
		{B7E440B6-E960-4472-AFA3-5DA547855317}.Debug|Any CPU.Build.0 = Debug|Any CPU
		{B7E440B6-E960-4472-AFA3-5DA547855317}.Debug|x64.ActiveCfg = Debug|Any CPU
		{B7E440B6-E960-4472-AFA3-5DA547855317}.Debug|x64.Build.0 = Debug|Any CPU
		{B7E440B6-E960-4472-AFA3-5DA547855317}.Debug|x86.ActiveCfg = Debug|Any CPU
		{B7E440B6-E960-4472-AFA3-5DA547855317}.Debug|x86.Build.0 = Debug|Any CPU
		{B7E440B6-E960-4472-AFA3-5DA547855317}.Release|Any CPU.ActiveCfg = Release|Any CPU
		{B7E440B6-E960-4472-AFA3-5DA547855317}.Release|Any CPU.Build.0 = Release|Any CPU
		{B7E440B6-E960-4472-AFA3-5DA547855317}.Release|x64.ActiveCfg = Release|Any CPU
		{B7E440B6-E960-4472-AFA3-5DA547855317}.Release|x64.Build.0 = Release|Any CPU
		{B7E440B6-E960-4472-AFA3-5DA547855317}.Release|x86.ActiveCfg = Release|Any CPU
		{B7E440B6-E960-4472-AFA3-5DA547855317}.Release|x86.Build.0 = Release|Any CPU
		{C86D9A33-216C-4634-83E3-0968CF9A8859}.Debug|Any CPU.ActiveCfg = Debug|Any CPU
		{C86D9A33-216C-4634-83E3-0968CF9A8859}.Debug|Any CPU.Build.0 = Debug|Any CPU
		{C86D9A33-216C-4634-83E3-0968CF9A8859}.Debug|x64.ActiveCfg = Debug|Any CPU
		{C86D9A33-216C-4634-83E3-0968CF9A8859}.Debug|x64.Build.0 = Debug|Any CPU
		{C86D9A33-216C-4634-83E3-0968CF9A8859}.Debug|x86.ActiveCfg = Debug|Any CPU
		{C86D9A33-216C-4634-83E3-0968CF9A8859}.Debug|x86.Build.0 = Debug|Any CPU
		{C86D9A33-216C-4634-83E3-0968CF9A8859}.Release|Any CPU.ActiveCfg = Release|Any CPU
		{C86D9A33-216C-4634-83E3-0968CF9A8859}.Release|Any CPU.Build.0 = Release|Any CPU
		{C86D9A33-216C-4634-83E3-0968CF9A8859}.Release|x64.ActiveCfg = Release|Any CPU
		{C86D9A33-216C-4634-83E3-0968CF9A8859}.Release|x64.Build.0 = Release|Any CPU
		{C86D9A33-216C-4634-83E3-0968CF9A8859}.Release|x86.ActiveCfg = Release|Any CPU
		{C86D9A33-216C-4634-83E3-0968CF9A8859}.Release|x86.Build.0 = Release|Any CPU
		{CC0B1F93-3396-4374-83E1-EDD0E8321055}.Debug|Any CPU.ActiveCfg = Debug|Any CPU
		{CC0B1F93-3396-4374-83E1-EDD0E8321055}.Debug|Any CPU.Build.0 = Debug|Any CPU
		{CC0B1F93-3396-4374-83E1-EDD0E8321055}.Debug|x64.ActiveCfg = Debug|Any CPU
		{CC0B1F93-3396-4374-83E1-EDD0E8321055}.Debug|x64.Build.0 = Debug|Any CPU
		{CC0B1F93-3396-4374-83E1-EDD0E8321055}.Debug|x86.ActiveCfg = Debug|Any CPU
		{CC0B1F93-3396-4374-83E1-EDD0E8321055}.Debug|x86.Build.0 = Debug|Any CPU
		{CC0B1F93-3396-4374-83E1-EDD0E8321055}.Release|Any CPU.ActiveCfg = Release|Any CPU
		{CC0B1F93-3396-4374-83E1-EDD0E8321055}.Release|Any CPU.Build.0 = Release|Any CPU
		{CC0B1F93-3396-4374-83E1-EDD0E8321055}.Release|x64.ActiveCfg = Release|Any CPU
		{CC0B1F93-3396-4374-83E1-EDD0E8321055}.Release|x64.Build.0 = Release|Any CPU
		{CC0B1F93-3396-4374-83E1-EDD0E8321055}.Release|x86.ActiveCfg = Release|Any CPU
		{CC0B1F93-3396-4374-83E1-EDD0E8321055}.Release|x86.Build.0 = Release|Any CPU
		{21318525-1833-41BC-994C-A820E5E05B04}.Debug|Any CPU.ActiveCfg = Debug|Any CPU
		{21318525-1833-41BC-994C-A820E5E05B04}.Debug|Any CPU.Build.0 = Debug|Any CPU
		{21318525-1833-41BC-994C-A820E5E05B04}.Debug|x64.ActiveCfg = Debug|Any CPU
		{21318525-1833-41BC-994C-A820E5E05B04}.Debug|x64.Build.0 = Debug|Any CPU
		{21318525-1833-41BC-994C-A820E5E05B04}.Debug|x86.ActiveCfg = Debug|Any CPU
		{21318525-1833-41BC-994C-A820E5E05B04}.Debug|x86.Build.0 = Debug|Any CPU
		{21318525-1833-41BC-994C-A820E5E05B04}.Release|Any CPU.ActiveCfg = Release|Any CPU
		{21318525-1833-41BC-994C-A820E5E05B04}.Release|Any CPU.Build.0 = Release|Any CPU
		{21318525-1833-41BC-994C-A820E5E05B04}.Release|x64.ActiveCfg = Release|Any CPU
		{21318525-1833-41BC-994C-A820E5E05B04}.Release|x64.Build.0 = Release|Any CPU
		{21318525-1833-41BC-994C-A820E5E05B04}.Release|x86.ActiveCfg = Release|Any CPU
		{21318525-1833-41BC-994C-A820E5E05B04}.Release|x86.Build.0 = Release|Any CPU
	EndGlobalSection
	GlobalSection(SolutionProperties) = preSolution
		HideSolutionNode = FALSE
	EndGlobalSection
	GlobalSection(ExtensibilityGlobals) = postSolution
		SolutionGuid = {0450D91D-8A78-4D22-9D03-AF91D5C08B33}
	EndGlobalSection
EndGlobal
